
Microsoft Visual Studio Solution File, Format Version 12.00
# Visual Studio Version 16
VisualStudioVersion = 16.0.30320.27
MinimumVisualStudioVersion = 10.0.40219.1
Project("{FAE04EC0-301F-11D3-BF4B-00C04F79EFBC}") = "Atomus.Control.Join.DefaultJoin(dotNet)", "dotNet\Atomus.Control.Join.DefaultJoin(dotNet).csproj", "{5A4E3160-6AD0-4CF3-99BF-396C029DDCAA}"
EndProject
Global
	GlobalSection(SolutionConfigurationPlatforms) = preSolution
		Debug|Any CPU = Debug|Any CPU
		Release|Any CPU = Release|Any CPU
	EndGlobalSection
	GlobalSection(ProjectConfigurationPlatforms) = postSolution
		{5A4E3160-6AD0-4CF3-99BF-396C029DDCAA}.Debug|Any CPU.ActiveCfg = Debug|Any CPU
		{5A4E3160-6AD0-4CF3-99BF-396C029DDCAA}.Debug|Any CPU.Build.0 = Debug|Any CPU
		{5A4E3160-6AD0-4CF3-99BF-396C029DDCAA}.Release|Any CPU.ActiveCfg = Release|Any CPU
		{5A4E3160-6AD0-4CF3-99BF-396C029DDCAA}.Release|Any CPU.Build.0 = Release|Any CPU
	EndGlobalSection
	GlobalSection(SolutionProperties) = preSolution
		HideSolutionNode = FALSE
	EndGlobalSection
	GlobalSection(ExtensibilityGlobals) = postSolution
		SolutionGuid = {A048B98A-AF9B-4D83-A9E1-62BBD9742B0E}
	EndGlobalSection
EndGlobal
